
Microsoft Visual Studio Solution File, Format Version 12.00
# Visual Studio Version 16
VisualStudioVersion = 16.0.33423.256
MinimumVisualStudioVersion = 10.0.40219.1
Project("{FAE04EC0-301F-11D3-BF4B-00C04F79EFBC}") = "FirstWebServiceSOA", "FirstWebServiceSOA\FirstWebServiceSOA.csproj", "{FDA25D9E-A10E-488D-8DC3-4E8EFD7C8DAC}"
EndProject
Global
	GlobalSection(SolutionConfigurationPlatforms) = preSolution
		Debug|Any CPU = Debug|Any CPU
		Release|Any CPU = Release|Any CPU
	EndGlobalSection
	GlobalSection(ProjectConfigurationPlatforms) = postSolution
		{FDA25D9E-A10E-488D-8DC3-4E8EFD7C8DAC}.Debug|Any CPU.ActiveCfg = Debug|Any CPU
		{FDA25D9E-A10E-488D-8DC3-4E8EFD7C8DAC}.Debug|Any CPU.Build.0 = Debug|Any CPU
		{FDA25D9E-A10E-488D-8DC3-4E8EFD7C8DAC}.Release|Any CPU.ActiveCfg = Release|Any CPU
		{FDA25D9E-A10E-488D-8DC3-4E8EFD7C8DAC}.Release|Any CPU.Build.0 = Release|Any CPU
	EndGlobalSection
	GlobalSection(SolutionProperties) = preSolution
		HideSolutionNode = FALSE
	EndGlobalSection
	GlobalSection(ExtensibilityGlobals) = postSolution
		SolutionGuid = {7FF1D4A7-343A-41F9-AEFE-1B36927DFCAF}
	EndGlobalSection
EndGlobal
